// !$*UTF8*$!
{
	archiveVersion = 1;
	classes = {
	};
	objectVersion = 56;
	objects = {

/* Begin PBXBuildFile section */
		3304D7262A0CDB94002A8172 /* DashboardView.swift in Sources */ = {isa = PBXBuildFile; fileRef = 3304D7252A0CDB94002A8172 /* DashboardView.swift */; };
		332EC4D82A094D8400C1AEE0 /* Kids_ArtApp.swift in Sources */ = {isa = PBXBuildFile; fileRef = 332EC4D72A094D8400C1AEE0 /* Kids_ArtApp.swift */; };
		332EC4DA2A094D8400C1AEE0 /* ContentView.swift in Sources */ = {isa = PBXBuildFile; fileRef = 332EC4D92A094D8400C1AEE0 /* ContentView.swift */; };
		332EC4DC2A094D8600C1AEE0 /* Assets.xcassets in Resources */ = {isa = PBXBuildFile; fileRef = 332EC4DB2A094D8600C1AEE0 /* Assets.xcassets */; };
		332EC4E02A094D8600C1AEE0 /* Preview Assets.xcassets in Resources */ = {isa = PBXBuildFile; fileRef = 332EC4DF2A094D8600C1AEE0 /* Preview Assets.xcassets */; };
		332EC4EA2A094D8600C1AEE0 /* Kids_ArtTests.swift in Sources */ = {isa = PBXBuildFile; fileRef = 332EC4E92A094D8600C1AEE0 /* Kids_ArtTests.swift */; };
		332EC4F42A094D8600C1AEE0 /* Kids_ArtUITests.swift in Sources */ = {isa = PBXBuildFile; fileRef = 332EC4F32A094D8600C1AEE0 /* Kids_ArtUITests.swift */; };
		332EC4F62A094D8600C1AEE0 /* Kids_ArtUITestsLaunchTests.swift in Sources */ = {isa = PBXBuildFile; fileRef = 332EC4F52A094D8600C1AEE0 /* Kids_ArtUITestsLaunchTests.swift */; };
		333E7BF42A0E34C900E3976C /* RegistrationView.swift in Sources */ = {isa = PBXBuildFile; fileRef = 333E7BF32A0E34C900E3976C /* RegistrationView.swift */; };
		3376E1492A0BD9DE005C3E1C /* ExploreView.swift in Sources */ = {isa = PBXBuildFile; fileRef = 3376E1482A0BD9DE005C3E1C /* ExploreView.swift */; };
		3376E14D2A0BDA1D005C3E1C /* FriendsView.swift in Sources */ = {isa = PBXBuildFile; fileRef = 3376E14C2A0BDA1D005C3E1C /* FriendsView.swift */; };
		3376E14F2A0BDA33005C3E1C /* DailyChallengeView.swift in Sources */ = {isa = PBXBuildFile; fileRef = 3376E14E2A0BDA33005C3E1C /* DailyChallengeView.swift */; };
		670E1E872A0FE39B007FB715 /* DrawingView.swift in Sources */ = {isa = PBXBuildFile; fileRef = 670E1E862A0FE39B007FB715 /* DrawingView.swift */; };
		670E1E892A0FE458007FB715 /* Rendition.swift in Sources */ = {isa = PBXBuildFile; fileRef = 670E1E882A0FE458007FB715 /* Rendition.swift */; };
		670E1E8C2A0FE4A0007FB715 /* CanvasView.swift in Sources */ = {isa = PBXBuildFile; fileRef = 670E1E8B2A0FE4A0007FB715 /* CanvasView.swift */; };
		670E1E8E2A0FE4CC007FB715 /* ShareSheet.swift in Sources */ = {isa = PBXBuildFile; fileRef = 670E1E8D2A0FE4CC007FB715 /* ShareSheet.swift */; };
		6741E5BE2A0BF3260033ABA8 /* WelcomeRegisterView.swift in Sources */ = {isa = PBXBuildFile; fileRef = 6741E5BD2A0BF3260033ABA8 /* WelcomeRegisterView.swift */; };
		676138DE2A1232DE00652A45 /* ProfilePageView.swift in Sources */ = {isa = PBXBuildFile; fileRef = 676138DD2A1232DE00652A45 /* ProfilePageView.swift */; };
		676138E22A123B0500652A45 /* ProfilePageColorView.swift in Sources */ = {isa = PBXBuildFile; fileRef = 676138E12A123B0500652A45 /* ProfilePageColorView.swift */; };
		67B4869B2A106F5200F76EEE /* DrawingSessionView.swift in Sources */ = {isa = PBXBuildFile; fileRef = 67B4869A2A106F5200F76EEE /* DrawingSessionView.swift */; };
		67B4869D2A10706700F76EEE /* MyPaintingsView.swift in Sources */ = {isa = PBXBuildFile; fileRef = 67B4869C2A10706700F76EEE /* MyPaintingsView.swift */; };
/* End PBXBuildFile section */

/* Begin PBXContainerItemProxy section */
		332EC4E62A094D8600C1AEE0 /* PBXContainerItemProxy */ = {
			isa = PBXContainerItemProxy;
			containerPortal = 332EC4CC2A094D8400C1AEE0 /* Project object */;
			proxyType = 1;
			remoteGlobalIDString = 332EC4D32A094D8400C1AEE0;
			remoteInfo = "Kids Art";
		};
		332EC4F02A094D8600C1AEE0 /* PBXContainerItemProxy */ = {
			isa = PBXContainerItemProxy;
			containerPortal = 332EC4CC2A094D8400C1AEE0 /* Project object */;
			proxyType = 1;
			remoteGlobalIDString = 332EC4D32A094D8400C1AEE0;
			remoteInfo = "Kids Art";
		};
/* End PBXContainerItemProxy section */

/* Begin PBXFileReference section */
		3304D7252A0CDB94002A8172 /* DashboardView.swift */ = {isa = PBXFileReference; lastKnownFileType = sourcecode.swift; path = DashboardView.swift; sourceTree = "<group>"; };
		332EC4D42A094D8400C1AEE0 /* Kids Art.app */ = {isa = PBXFileReference; explicitFileType = wrapper.application; includeInIndex = 0; path = "Kids Art.app"; sourceTree = BUILT_PRODUCTS_DIR; };
		332EC4D72A094D8400C1AEE0 /* Kids_ArtApp.swift */ = {isa = PBXFileReference; lastKnownFileType = sourcecode.swift; path = Kids_ArtApp.swift; sourceTree = "<group>"; };
		332EC4D92A094D8400C1AEE0 /* ContentView.swift */ = {isa = PBXFileReference; lastKnownFileType = sourcecode.swift; path = ContentView.swift; sourceTree = "<group>"; };
		332EC4DB2A094D8600C1AEE0 /* Assets.xcassets */ = {isa = PBXFileReference; lastKnownFileType = folder.assetcatalog; path = Assets.xcassets; sourceTree = "<group>"; };
		332EC4DD2A094D8600C1AEE0 /* Kids_Art.entitlements */ = {isa = PBXFileReference; lastKnownFileType = text.plist.entitlements; path = Kids_Art.entitlements; sourceTree = "<group>"; };
		332EC4DF2A094D8600C1AEE0 /* Preview Assets.xcassets */ = {isa = PBXFileReference; lastKnownFileType = folder.assetcatalog; path = "Preview Assets.xcassets"; sourceTree = "<group>"; };
		332EC4E52A094D8600C1AEE0 /* Kids ArtTests.xctest */ = {isa = PBXFileReference; explicitFileType = wrapper.cfbundle; includeInIndex = 0; path = "Kids ArtTests.xctest"; sourceTree = BUILT_PRODUCTS_DIR; };
		332EC4E92A094D8600C1AEE0 /* Kids_ArtTests.swift */ = {isa = PBXFileReference; lastKnownFileType = sourcecode.swift; path = Kids_ArtTests.swift; sourceTree = "<group>"; };
		332EC4EF2A094D8600C1AEE0 /* Kids ArtUITests.xctest */ = {isa = PBXFileReference; explicitFileType = wrapper.cfbundle; includeInIndex = 0; path = "Kids ArtUITests.xctest"; sourceTree = BUILT_PRODUCTS_DIR; };
		332EC4F32A094D8600C1AEE0 /* Kids_ArtUITests.swift */ = {isa = PBXFileReference; lastKnownFileType = sourcecode.swift; path = Kids_ArtUITests.swift; sourceTree = "<group>"; };
		332EC4F52A094D8600C1AEE0 /* Kids_ArtUITestsLaunchTests.swift */ = {isa = PBXFileReference; lastKnownFileType = sourcecode.swift; path = Kids_ArtUITestsLaunchTests.swift; sourceTree = "<group>"; };
		333E7BF32A0E34C900E3976C /* RegistrationView.swift */ = {isa = PBXFileReference; lastKnownFileType = sourcecode.swift; path = RegistrationView.swift; sourceTree = "<group>"; };
		3376E1482A0BD9DE005C3E1C /* ExploreView.swift */ = {isa = PBXFileReference; lastKnownFileType = sourcecode.swift; path = ExploreView.swift; sourceTree = "<group>"; };
		3376E14C2A0BDA1D005C3E1C /* FriendsView.swift */ = {isa = PBXFileReference; lastKnownFileType = sourcecode.swift; path = FriendsView.swift; sourceTree = "<group>"; };
		3376E14E2A0BDA33005C3E1C /* DailyChallengeView.swift */ = {isa = PBXFileReference; lastKnownFileType = sourcecode.swift; path = DailyChallengeView.swift; sourceTree = "<group>"; };
		670E1E862A0FE39B007FB715 /* DrawingView.swift */ = {isa = PBXFileReference; lastKnownFileType = sourcecode.swift; path = DrawingView.swift; sourceTree = "<group>"; };
		670E1E882A0FE458007FB715 /* Rendition.swift */ = {isa = PBXFileReference; lastKnownFileType = sourcecode.swift; path = Rendition.swift; sourceTree = "<group>"; };
		670E1E8B2A0FE4A0007FB715 /* CanvasView.swift */ = {isa = PBXFileReference; lastKnownFileType = sourcecode.swift; path = CanvasView.swift; sourceTree = "<group>"; };
		670E1E8D2A0FE4CC007FB715 /* ShareSheet.swift */ = {isa = PBXFileReference; lastKnownFileType = sourcecode.swift; path = ShareSheet.swift; sourceTree = "<group>"; };
		6741E5BD2A0BF3260033ABA8 /* WelcomeRegisterView.swift */ = {isa = PBXFileReference; lastKnownFileType = sourcecode.swift; path = WelcomeRegisterView.swift; sourceTree = "<group>"; };
		676138DD2A1232DE00652A45 /* ProfilePageView.swift */ = {isa = PBXFileReference; lastKnownFileType = sourcecode.swift; path = ProfilePageView.swift; sourceTree = "<group>"; };
		676138E12A123B0500652A45 /* ProfilePageColorView.swift */ = {isa = PBXFileReference; lastKnownFileType = sourcecode.swift; path = ProfilePageColorView.swift; sourceTree = "<group>"; };
		67B4869A2A106F5200F76EEE /* DrawingSessionView.swift */ = {isa = PBXFileReference; lastKnownFileType = sourcecode.swift; path = DrawingSessionView.swift; sourceTree = "<group>"; };
		67B4869C2A10706700F76EEE /* MyPaintingsView.swift */ = {isa = PBXFileReference; lastKnownFileType = sourcecode.swift; path = MyPaintingsView.swift; sourceTree = "<group>"; };
/* End PBXFileReference section */

/* Begin PBXFrameworksBuildPhase section */
		332EC4D12A094D8400C1AEE0 /* Frameworks */ = {
			isa = PBXFrameworksBuildPhase;
			buildActionMask = 2147483647;
			files = (
			);
			runOnlyForDeploymentPostprocessing = 0;
		};
		332EC4E22A094D8600C1AEE0 /* Frameworks */ = {
			isa = PBXFrameworksBuildPhase;
			buildActionMask = 2147483647;
			files = (
			);
			runOnlyForDeploymentPostprocessing = 0;
		};
		332EC4EC2A094D8600C1AEE0 /* Frameworks */ = {
			isa = PBXFrameworksBuildPhase;
			buildActionMask = 2147483647;
			files = (
			);
			runOnlyForDeploymentPostprocessing = 0;
		};
/* End PBXFrameworksBuildPhase section */

/* Begin PBXGroup section */
		332EC4CB2A094D8400C1AEE0 = {
			isa = PBXGroup;
			children = (
				332EC4D62A094D8400C1AEE0 /* Kids Art */,
				332EC4E82A094D8600C1AEE0 /* Kids ArtTests */,
				332EC4F22A094D8600C1AEE0 /* Kids ArtUITests */,
				332EC4D52A094D8400C1AEE0 /* Products */,
			);
			sourceTree = "<group>";
		};
		332EC4D52A094D8400C1AEE0 /* Products */ = {
			isa = PBXGroup;
			children = (
				332EC4D42A094D8400C1AEE0 /* Kids Art.app */,
				332EC4E52A094D8600C1AEE0 /* Kids ArtTests.xctest */,
				332EC4EF2A094D8600C1AEE0 /* Kids ArtUITests.xctest */,
			);
			name = Products;
			sourceTree = "<group>";
		};
		332EC4D62A094D8400C1AEE0 /* Kids Art */ = {
			isa = PBXGroup;
			children = (
				332EC4D72A094D8400C1AEE0 /* Kids_ArtApp.swift */,
				67B4869C2A10706700F76EEE /* MyPaintingsView.swift */,
				3376E14C2A0BDA1D005C3E1C /* FriendsView.swift */,
				6741E5BD2A0BF3260033ABA8 /* WelcomeRegisterView.swift */,
				333E7BF32A0E34C900E3976C /* RegistrationView.swift */,
				332EC4D92A094D8400C1AEE0 /* ContentView.swift */,
				3304D7252A0CDB94002A8172 /* DashboardView.swift */,
				3376E1482A0BD9DE005C3E1C /* ExploreView.swift */,
				676138DD2A1232DE00652A45 /* ProfilePageView.swift */,
				67B4869A2A106F5200F76EEE /* DrawingSessionView.swift */,
				670E1E8A2A0FE45C007FB715 /* Models */,
				670E1E862A0FE39B007FB715 /* DrawingView.swift */,
				670E1E8B2A0FE4A0007FB715 /* CanvasView.swift */,
				670E1E8D2A0FE4CC007FB715 /* ShareSheet.swift */,
				3376E14E2A0BDA33005C3E1C /* DailyChallengeView.swift */,
				332EC4DB2A094D8600C1AEE0 /* Assets.xcassets */,
				676138E12A123B0500652A45 /* ProfilePageColorView.swift */,
				332EC4DD2A094D8600C1AEE0 /* Kids_Art.entitlements */,
				332EC4DE2A094D8600C1AEE0 /* Preview Content */,
			);
			path = "Kids Art";
			sourceTree = "<group>";
		};
		332EC4DE2A094D8600C1AEE0 /* Preview Content */ = {
			isa = PBXGroup;
			children = (
				332EC4DF2A094D8600C1AEE0 /* Preview Assets.xcassets */,
			);
			path = "Preview Content";
			sourceTree = "<group>";
		};
		332EC4E82A094D8600C1AEE0 /* Kids ArtTests */ = {
			isa = PBXGroup;
			children = (
				332EC4E92A094D8600C1AEE0 /* Kids_ArtTests.swift */,
			);
			path = "Kids ArtTests";
			sourceTree = "<group>";
		};
		332EC4F22A094D8600C1AEE0 /* Kids ArtUITests */ = {
			isa = PBXGroup;
			children = (
				332EC4F32A094D8600C1AEE0 /* Kids_ArtUITests.swift */,
				332EC4F52A094D8600C1AEE0 /* Kids_ArtUITestsLaunchTests.swift */,
			);
			path = "Kids ArtUITests";
			sourceTree = "<group>";
		};
		670E1E8A2A0FE45C007FB715 /* Models */ = {
			isa = PBXGroup;
			children = (
				670E1E882A0FE458007FB715 /* Rendition.swift */,
			);
			name = Models;
			sourceTree = "<group>";
		};
/* End PBXGroup section */

/* Begin PBXNativeTarget section */
		332EC4D32A094D8400C1AEE0 /* Kids Art */ = {
			isa = PBXNativeTarget;
			buildConfigurationList = 332EC4F92A094D8600C1AEE0 /* Build configuration list for PBXNativeTarget "Kids Art" */;
			buildPhases = (
				332EC4D02A094D8400C1AEE0 /* Sources */,
				332EC4D12A094D8400C1AEE0 /* Frameworks */,
				332EC4D22A094D8400C1AEE0 /* Resources */,
			);
			buildRules = (
			);
			dependencies = (
			);
			name = "Kids Art";
			productName = "Kids Art";
			productReference = 332EC4D42A094D8400C1AEE0 /* Kids Art.app */;
			productType = "com.apple.product-type.application";
		};
		332EC4E42A094D8600C1AEE0 /* Kids ArtTests */ = {
			isa = PBXNativeTarget;
			buildConfigurationList = 332EC4FC2A094D8600C1AEE0 /* Build configuration list for PBXNativeTarget "Kids ArtTests" */;
			buildPhases = (
				332EC4E12A094D8600C1AEE0 /* Sources */,
				332EC4E22A094D8600C1AEE0 /* Frameworks */,
				332EC4E32A094D8600C1AEE0 /* Resources */,
			);
			buildRules = (
			);
			dependencies = (
				332EC4E72A094D8600C1AEE0 /* PBXTargetDependency */,
			);
			name = "Kids ArtTests";
			productName = "Kids ArtTests";
			productReference = 332EC4E52A094D8600C1AEE0 /* Kids ArtTests.xctest */;
			productType = "com.apple.product-type.bundle.unit-test";
		};
		332EC4EE2A094D8600C1AEE0 /* Kids ArtUITests */ = {
			isa = PBXNativeTarget;
			buildConfigurationList = 332EC4FF2A094D8600C1AEE0 /* Build configuration list for PBXNativeTarget "Kids ArtUITests" */;
			buildPhases = (
				332EC4EB2A094D8600C1AEE0 /* Sources */,
				332EC4EC2A094D8600C1AEE0 /* Frameworks */,
				332EC4ED2A094D8600C1AEE0 /* Resources */,
			);
			buildRules = (
			);
			dependencies = (
				332EC4F12A094D8600C1AEE0 /* PBXTargetDependency */,
			);
			name = "Kids ArtUITests";
			productName = "Kids ArtUITests";
			productReference = 332EC4EF2A094D8600C1AEE0 /* Kids ArtUITests.xctest */;
			productType = "com.apple.product-type.bundle.ui-testing";
		};
/* End PBXNativeTarget section */

/* Begin PBXProject section */
		332EC4CC2A094D8400C1AEE0 /* Project object */ = {
			isa = PBXProject;
			attributes = {
				BuildIndependentTargetsInParallel = 1;
				LastSwiftUpdateCheck = 1430;
				LastUpgradeCheck = 1430;
				TargetAttributes = {
					332EC4D32A094D8400C1AEE0 = {
						CreatedOnToolsVersion = 14.3;
					};
					332EC4E42A094D8600C1AEE0 = {
						CreatedOnToolsVersion = 14.3;
						TestTargetID = 332EC4D32A094D8400C1AEE0;
					};
					332EC4EE2A094D8600C1AEE0 = {
						CreatedOnToolsVersion = 14.3;
						TestTargetID = 332EC4D32A094D8400C1AEE0;
					};
				};
			};
			buildConfigurationList = 332EC4CF2A094D8400C1AEE0 /* Build configuration list for PBXProject "Kids Art" */;
			compatibilityVersion = "Xcode 14.0";
			developmentRegion = en;
			hasScannedForEncodings = 0;
			knownRegions = (
				en,
				Base,
			);
			mainGroup = 332EC4CB2A094D8400C1AEE0;
			productRefGroup = 332EC4D52A094D8400C1AEE0 /* Products */;
			projectDirPath = "";
			projectRoot = "";
			targets = (
				332EC4D32A094D8400C1AEE0 /* Kids Art */,
				332EC4E42A094D8600C1AEE0 /* Kids ArtTests */,
				332EC4EE2A094D8600C1AEE0 /* Kids ArtUITests */,
			);
		};
/* End PBXProject section */

/* Begin PBXResourcesBuildPhase section */
		332EC4D22A094D8400C1AEE0 /* Resources */ = {
			isa = PBXResourcesBuildPhase;
			buildActionMask = 2147483647;
			files = (
				332EC4E02A094D8600C1AEE0 /* Preview Assets.xcassets in Resources */,
				332EC4DC2A094D8600C1AEE0 /* Assets.xcassets in Resources */,
			);
			runOnlyForDeploymentPostprocessing = 0;
		};
		332EC4E32A094D8600C1AEE0 /* Resources */ = {
			isa = PBXResourcesBuildPhase;
			buildActionMask = 2147483647;
			files = (
			);
			runOnlyForDeploymentPostprocessing = 0;
		};
		332EC4ED2A094D8600C1AEE0 /* Resources */ = {
			isa = PBXResourcesBuildPhase;
			buildActionMask = 2147483647;
			files = (
			);
			runOnlyForDeploymentPostprocessing = 0;
		};
/* End PBXResourcesBuildPhase section */

/* Begin PBXSourcesBuildPhase section */
		332EC4D02A094D8400C1AEE0 /* Sources */ = {
			isa = PBXSourcesBuildPhase;
			buildActionMask = 2147483647;
			files = (
				3376E14D2A0BDA1D005C3E1C /* FriendsView.swift in Sources */,
				676138DE2A1232DE00652A45 /* ProfilePageView.swift in Sources */,
				670E1E8C2A0FE4A0007FB715 /* CanvasView.swift in Sources */,
				670E1E892A0FE458007FB715 /* Rendition.swift in Sources */,
				332EC4DA2A094D8400C1AEE0 /* ContentView.swift in Sources */,
				3376E1492A0BD9DE005C3E1C /* ExploreView.swift in Sources */,
				3304D7262A0CDB94002A8172 /* DashboardView.swift in Sources */,
				3376E14F2A0BDA33005C3E1C /* DailyChallengeView.swift in Sources */,
				6741E5BE2A0BF3260033ABA8 /* WelcomeRegisterView.swift in Sources */,
				332EC4D82A094D8400C1AEE0 /* Kids_ArtApp.swift in Sources */,
				670E1E872A0FE39B007FB715 /* DrawingView.swift in Sources */,
				333E7BF42A0E34C900E3976C /* RegistrationView.swift in Sources */,
				67B4869B2A106F5200F76EEE /* DrawingSessionView.swift in Sources */,
				676138E22A123B0500652A45 /* ProfilePageColorView.swift in Sources */,
				670E1E8E2A0FE4CC007FB715 /* ShareSheet.swift in Sources */,
				67B4869D2A10706700F76EEE /* MyPaintingsView.swift in Sources */,
			);
			runOnlyForDeploymentPostprocessing = 0;
		};
		332EC4E12A094D8600C1AEE0 /* Sources */ = {
			isa = PBXSourcesBuildPhase;
			buildActionMask = 2147483647;
			files = (
				332EC4EA2A094D8600C1AEE0 /* Kids_ArtTests.swift in Sources */,
			);
			runOnlyForDeploymentPostprocessing = 0;
		};
		332EC4EB2A094D8600C1AEE0 /* Sources */ = {
			isa = PBXSourcesBuildPhase;
			buildActionMask = 2147483647;
			files = (
				332EC4F62A094D8600C1AEE0 /* Kids_ArtUITestsLaunchTests.swift in Sources */,
				332EC4F42A094D8600C1AEE0 /* Kids_ArtUITests.swift in Sources */,
			);
			runOnlyForDeploymentPostprocessing = 0;
		};
/* End PBXSourcesBuildPhase section */

/* Begin PBXTargetDependency section */
		332EC4E72A094D8600C1AEE0 /* PBXTargetDependency */ = {
			isa = PBXTargetDependency;
			target = 332EC4D32A094D8400C1AEE0 /* Kids Art */;
			targetProxy = 332EC4E62A094D8600C1AEE0 /* PBXContainerItemProxy */;
		};
		332EC4F12A094D8600C1AEE0 /* PBXTargetDependency */ = {
			isa = PBXTargetDependency;
			target = 332EC4D32A094D8400C1AEE0 /* Kids Art */;
			targetProxy = 332EC4F02A094D8600C1AEE0 /* PBXContainerItemProxy */;
		};
/* End PBXTargetDependency section */

/* Begin XCBuildConfiguration section */
		332EC4F72A094D8600C1AEE0 /* Debug */ = {
			isa = XCBuildConfiguration;
			buildSettings = {
				ALWAYS_SEARCH_USER_PATHS = NO;
				CLANG_ANALYZER_NONNULL = YES;
				CLANG_ANALYZER_NUMBER_OBJECT_CONVERSION = YES_AGGRESSIVE;
				CLANG_CXX_LANGUAGE_STANDARD = "gnu++20";
				CLANG_ENABLE_MODULES = YES;
				CLANG_ENABLE_OBJC_ARC = YES;
				CLANG_ENABLE_OBJC_WEAK = YES;
				CLANG_WARN_BLOCK_CAPTURE_AUTORELEASING = YES;
				CLANG_WARN_BOOL_CONVERSION = YES;
				CLANG_WARN_COMMA = YES;
				CLANG_WARN_CONSTANT_CONVERSION = YES;
				CLANG_WARN_DEPRECATED_OBJC_IMPLEMENTATIONS = YES;
				CLANG_WARN_DIRECT_OBJC_ISA_USAGE = YES_ERROR;
				CLANG_WARN_DOCUMENTATION_COMMENTS = YES;
				CLANG_WARN_EMPTY_BODY = YES;
				CLANG_WARN_ENUM_CONVERSION = YES;
				CLANG_WARN_INFINITE_RECURSION = YES;
				CLANG_WARN_INT_CONVERSION = YES;
				CLANG_WARN_NON_LITERAL_NULL_CONVERSION = YES;
				CLANG_WARN_OBJC_IMPLICIT_RETAIN_SELF = YES;
				CLANG_WARN_OBJC_LITERAL_CONVERSION = YES;
				CLANG_WARN_OBJC_ROOT_CLASS = YES_ERROR;
				CLANG_WARN_QUOTED_INCLUDE_IN_FRAMEWORK_HEADER = YES;
				CLANG_WARN_RANGE_LOOP_ANALYSIS = YES;
				CLANG_WARN_STRICT_PROTOTYPES = YES;
				CLANG_WARN_SUSPICIOUS_MOVE = YES;
				CLANG_WARN_UNGUARDED_AVAILABILITY = YES_AGGRESSIVE;
				CLANG_WARN_UNREACHABLE_CODE = YES;
				CLANG_WARN__DUPLICATE_METHOD_MATCH = YES;
				COPY_PHASE_STRIP = NO;
				DEBUG_INFORMATION_FORMAT = dwarf;
				ENABLE_STRICT_OBJC_MSGSEND = YES;
				ENABLE_TESTABILITY = YES;
				GCC_C_LANGUAGE_STANDARD = gnu11;
				GCC_DYNAMIC_NO_PIC = NO;
				GCC_NO_COMMON_BLOCKS = YES;
				GCC_OPTIMIZATION_LEVEL = 0;
				GCC_PREPROCESSOR_DEFINITIONS = (
					"DEBUG=1",
					"$(inherited)",
				);
				GCC_WARN_64_TO_32_BIT_CONVERSION = YES;
				GCC_WARN_ABOUT_RETURN_TYPE = YES_ERROR;
				GCC_WARN_UNDECLARED_SELECTOR = YES;
				GCC_WARN_UNINITIALIZED_AUTOS = YES_AGGRESSIVE;
				GCC_WARN_UNUSED_FUNCTION = YES;
				GCC_WARN_UNUSED_VARIABLE = YES;
				MTL_ENABLE_DEBUG_INFO = INCLUDE_SOURCE;
				MTL_FAST_MATH = YES;
				ONLY_ACTIVE_ARCH = YES;
				SWIFT_ACTIVE_COMPILATION_CONDITIONS = DEBUG;
				SWIFT_OPTIMIZATION_LEVEL = "-Onone";
			};
			name = Debug;
		};
		332EC4F82A094D8600C1AEE0 /* Release */ = {
			isa = XCBuildConfiguration;
			buildSettings = {
				ALWAYS_SEARCH_USER_PATHS = NO;
				CLANG_ANALYZER_NONNULL = YES;
				CLANG_ANALYZER_NUMBER_OBJECT_CONVERSION = YES_AGGRESSIVE;
				CLANG_CXX_LANGUAGE_STANDARD = "gnu++20";
				CLANG_ENABLE_MODULES = YES;
				CLANG_ENABLE_OBJC_ARC = YES;
				CLANG_ENABLE_OBJC_WEAK = YES;
				CLANG_WARN_BLOCK_CAPTURE_AUTORELEASING = YES;
				CLANG_WARN_BOOL_CONVERSION = YES;
				CLANG_WARN_COMMA = YES;
				CLANG_WARN_CONSTANT_CONVERSION = YES;
				CLANG_WARN_DEPRECATED_OBJC_IMPLEMENTATIONS = YES;
				CLANG_WARN_DIRECT_OBJC_ISA_USAGE = YES_ERROR;
				CLANG_WARN_DOCUMENTATION_COMMENTS = YES;
				CLANG_WARN_EMPTY_BODY = YES;
				CLANG_WARN_ENUM_CONVERSION = YES;
				CLANG_WARN_INFINITE_RECURSION = YES;
				CLANG_WARN_INT_CONVERSION = YES;
				CLANG_WARN_NON_LITERAL_NULL_CONVERSION = YES;
				CLANG_WARN_OBJC_IMPLICIT_RETAIN_SELF = YES;
				CLANG_WARN_OBJC_LITERAL_CONVERSION = YES;
				CLANG_WARN_OBJC_ROOT_CLASS = YES_ERROR;
				CLANG_WARN_QUOTED_INCLUDE_IN_FRAMEWORK_HEADER = YES;
				CLANG_WARN_RANGE_LOOP_ANALYSIS = YES;
				CLANG_WARN_STRICT_PROTOTYPES = YES;
				CLANG_WARN_SUSPICIOUS_MOVE = YES;
				CLANG_WARN_UNGUARDED_AVAILABILITY = YES_AGGRESSIVE;
				CLANG_WARN_UNREACHABLE_CODE = YES;
				CLANG_WARN__DUPLICATE_METHOD_MATCH = YES;
				COPY_PHASE_STRIP = NO;
				DEBUG_INFORMATION_FORMAT = "dwarf-with-dsym";
				ENABLE_NS_ASSERTIONS = NO;
				ENABLE_STRICT_OBJC_MSGSEND = YES;
				GCC_C_LANGUAGE_STANDARD = gnu11;
				GCC_NO_COMMON_BLOCKS = YES;
				GCC_WARN_64_TO_32_BIT_CONVERSION = YES;
				GCC_WARN_ABOUT_RETURN_TYPE = YES_ERROR;
				GCC_WARN_UNDECLARED_SELECTOR = YES;
				GCC_WARN_UNINITIALIZED_AUTOS = YES_AGGRESSIVE;
				GCC_WARN_UNUSED_FUNCTION = YES;
				GCC_WARN_UNUSED_VARIABLE = YES;
				MTL_ENABLE_DEBUG_INFO = NO;
				MTL_FAST_MATH = YES;
				SWIFT_COMPILATION_MODE = wholemodule;
				SWIFT_OPTIMIZATION_LEVEL = "-O";
			};
			name = Release;
		};
		332EC4FA2A094D8600C1AEE0 /* Debug */ = {
			isa = XCBuildConfiguration;
			buildSettings = {
				ASSETCATALOG_COMPILER_APPICON_NAME = AppIcon;
				ASSETCATALOG_COMPILER_GLOBAL_ACCENT_COLOR_NAME = AccentColor;
				CODE_SIGN_ENTITLEMENTS = "Kids Art/Kids_Art.entitlements";
				CODE_SIGN_STYLE = Automatic;
				CURRENT_PROJECT_VERSION = 1;
				DEVELOPMENT_ASSET_PATHS = "\"Kids Art/Preview Content\"";
				DEVELOPMENT_TEAM = 3V97GU3CCY;
				ENABLE_PREVIEWS = YES;
				GENERATE_INFOPLIST_FILE = YES;
				"INFOPLIST_KEY_UIApplicationSceneManifest_Generation[sdk=iphoneos*]" = YES;
				"INFOPLIST_KEY_UIApplicationSceneManifest_Generation[sdk=iphonesimulator*]" = YES;
				"INFOPLIST_KEY_UIApplicationSupportsIndirectInputEvents[sdk=iphoneos*]" = YES;
				"INFOPLIST_KEY_UIApplicationSupportsIndirectInputEvents[sdk=iphonesimulator*]" = YES;
				"INFOPLIST_KEY_UILaunchScreen_Generation[sdk=iphoneos*]" = YES;
				"INFOPLIST_KEY_UILaunchScreen_Generation[sdk=iphonesimulator*]" = YES;
				"INFOPLIST_KEY_UIStatusBarStyle[sdk=iphoneos*]" = UIStatusBarStyleDefault;
				"INFOPLIST_KEY_UIStatusBarStyle[sdk=iphonesimulator*]" = UIStatusBarStyleDefault;
				INFOPLIST_KEY_UISupportedInterfaceOrientations_iPad = "UIInterfaceOrientationPortrait UIInterfaceOrientationPortraitUpsideDown UIInterfaceOrientationLandscapeLeft UIInterfaceOrientationLandscapeRight";
				INFOPLIST_KEY_UISupportedInterfaceOrientations_iPhone = "UIInterfaceOrientationPortrait UIInterfaceOrientationLandscapeLeft UIInterfaceOrientationLandscapeRight";
				IPHONEOS_DEPLOYMENT_TARGET = 16.4;
				LD_RUNPATH_SEARCH_PATHS = "@executable_path/Frameworks";
				"LD_RUNPATH_SEARCH_PATHS[sdk=macosx*]" = "@executable_path/../Frameworks";
				MACOSX_DEPLOYMENT_TARGET = 13.2;
				MARKETING_VERSION = 1.0;
				PRODUCT_BUNDLE_IDENTIFIER = "uni.parthenope.Kids-Art";
				PRODUCT_NAME = "$(TARGET_NAME)";
				SDKROOT = auto;
				SUPPORTED_PLATFORMS = "iphoneos iphonesimulator macosx";
				SWIFT_EMIT_LOC_STRINGS = YES;
				SWIFT_VERSION = 5.0;
				TARGETED_DEVICE_FAMILY = "1,2";
			};
			name = Debug;
		};
		332EC4FB2A094D8600C1AEE0 /* Release */ = {
			isa = XCBuildConfiguration;
			buildSettings = {
				ASSETCATALOG_COMPILER_APPICON_NAME = AppIcon;
				ASSETCATALOG_COMPILER_GLOBAL_ACCENT_COLOR_NAME = AccentColor;
				CODE_SIGN_ENTITLEMENTS = "Kids Art/Kids_Art.entitlements";
				CODE_SIGN_STYLE = Automatic;
				CURRENT_PROJECT_VERSION = 1;
				DEVELOPMENT_ASSET_PATHS = "\"Kids Art/Preview Content\"";
				DEVELOPMENT_TEAM = 3V97GU3CCY;
				ENABLE_PREVIEWS = YES;
				GENERATE_INFOPLIST_FILE = YES;
				"INFOPLIST_KEY_UIApplicationSceneManifest_Generation[sdk=iphoneos*]" = YES;
				"INFOPLIST_KEY_UIApplicationSceneManifest_Generation[sdk=iphonesimulator*]" = YES;
				"INFOPLIST_KEY_UIApplicationSupportsIndirectInputEvents[sdk=iphoneos*]" = YES;
				"INFOPLIST_KEY_UIApplicationSupportsIndirectInputEvents[sdk=iphonesimulator*]" = YES;
				"INFOPLIST_KEY_UILaunchScreen_Generation[sdk=iphoneos*]" = YES;
				"INFOPLIST_KEY_UILaunchScreen_Generation[sdk=iphonesimulator*]" = YES;
				"INFOPLIST_KEY_UIStatusBarStyle[sdk=iphoneos*]" = UIStatusBarStyleDefault;
				"INFOPLIST_KEY_UIStatusBarStyle[sdk=iphonesimulator*]" = UIStatusBarStyleDefault;
				INFOPLIST_KEY_UISupportedInterfaceOrientations_iPad = "UIInterfaceOrientationPortrait UIInterfaceOrientationPortraitUpsideDown UIInterfaceOrientationLandscapeLeft UIInterfaceOrientationLandscapeRight";
				INFOPLIST_KEY_UISupportedInterfaceOrientations_iPhone = "UIInterfaceOrientationPortrait UIInterfaceOrientationLandscapeLeft UIInterfaceOrientationLandscapeRight";
				IPHONEOS_DEPLOYMENT_TARGET = 16.4;
				LD_RUNPATH_SEARCH_PATHS = "@executable_path/Frameworks";
				"LD_RUNPATH_SEARCH_PATHS[sdk=macosx*]" = "@executable_path/../Frameworks";
				MACOSX_DEPLOYMENT_TARGET = 13.2;
				MARKETING_VERSION = 1.0;
				PRODUCT_BUNDLE_IDENTIFIER = "uni.parthenope.Kids-Art";
				PRODUCT_NAME = "$(TARGET_NAME)";
				SDKROOT = auto;
				SUPPORTED_PLATFORMS = "iphoneos iphonesimulator macosx";
				SWIFT_EMIT_LOC_STRINGS = YES;
				SWIFT_VERSION = 5.0;
				TARGETED_DEVICE_FAMILY = "1,2";
			};
			name = Release;
		};
		332EC4FD2A094D8600C1AEE0 /* Debug */ = {
			isa = XCBuildConfiguration;
			buildSettings = {
				ALWAYS_EMBED_SWIFT_STANDARD_LIBRARIES = YES;
				BUNDLE_LOADER = "$(TEST_HOST)";
				CODE_SIGN_STYLE = Automatic;
				CURRENT_PROJECT_VERSION = 1;
				GENERATE_INFOPLIST_FILE = YES;
				IPHONEOS_DEPLOYMENT_TARGET = 16.4;
				MACOSX_DEPLOYMENT_TARGET = 13.2;
				MARKETING_VERSION = 1.0;
				PRODUCT_BUNDLE_IDENTIFIER = "uni.parthenope.Kids-ArtTests";
				PRODUCT_NAME = "$(TARGET_NAME)";
				SDKROOT = auto;
				SUPPORTED_PLATFORMS = "iphoneos iphonesimulator macosx";
				SWIFT_EMIT_LOC_STRINGS = NO;
				SWIFT_VERSION = 5.0;
				TARGETED_DEVICE_FAMILY = "1,2";
				TEST_HOST = "$(BUILT_PRODUCTS_DIR)/Kids Art.app/$(BUNDLE_EXECUTABLE_FOLDER_PATH)/Kids Art";
			};
			name = Debug;
		};
		332EC4FE2A094D8600C1AEE0 /* Release */ = {
			isa = XCBuildConfiguration;
			buildSettings = {
				ALWAYS_EMBED_SWIFT_STANDARD_LIBRARIES = YES;
				BUNDLE_LOADER = "$(TEST_HOST)";
				CODE_SIGN_STYLE = Automatic;
				CURRENT_PROJECT_VERSION = 1;
				GENERATE_INFOPLIST_FILE = YES;
				IPHONEOS_DEPLOYMENT_TARGET = 16.4;
				MACOSX_DEPLOYMENT_TARGET = 13.2;
				MARKETING_VERSION = 1.0;
				PRODUCT_BUNDLE_IDENTIFIER = "uni.parthenope.Kids-ArtTests";
				PRODUCT_NAME = "$(TARGET_NAME)";
				SDKROOT = auto;
				SUPPORTED_PLATFORMS = "iphoneos iphonesimulator macosx";
				SWIFT_EMIT_LOC_STRINGS = NO;
				SWIFT_VERSION = 5.0;
				TARGETED_DEVICE_FAMILY = "1,2";
				TEST_HOST = "$(BUILT_PRODUCTS_DIR)/Kids Art.app/$(BUNDLE_EXECUTABLE_FOLDER_PATH)/Kids Art";
			};
			name = Release;
		};
		332EC5002A094D8600C1AEE0 /* Debug */ = {
			isa = XCBuildConfiguration;
			buildSettings = {
				ALWAYS_EMBED_SWIFT_STANDARD_LIBRARIES = YES;
				CODE_SIGN_STYLE = Automatic;
				CURRENT_PROJECT_VERSION = 1;
				GENERATE_INFOPLIST_FILE = YES;
				IPHONEOS_DEPLOYMENT_TARGET = 16.4;
				MACOSX_DEPLOYMENT_TARGET = 13.2;
				MARKETING_VERSION = 1.0;
				PRODUCT_BUNDLE_IDENTIFIER = "uni.parthenope.Kids-ArtUITests";
				PRODUCT_NAME = "$(TARGET_NAME)";
				SDKROOT = auto;
				SUPPORTED_PLATFORMS = "iphoneos iphonesimulator macosx";
				SWIFT_EMIT_LOC_STRINGS = NO;
				SWIFT_VERSION = 5.0;
				TARGETED_DEVICE_FAMILY = "1,2";
				TEST_TARGET_NAME = "Kids Art";
			};
			name = Debug;
		};
		332EC5012A094D8600C1AEE0 /* Release */ = {
			isa = XCBuildConfiguration;
			buildSettings = {
				ALWAYS_EMBED_SWIFT_STANDARD_LIBRARIES = YES;
				CODE_SIGN_STYLE = Automatic;
				CURRENT_PROJECT_VERSION = 1;
				GENERATE_INFOPLIST_FILE = YES;
				IPHONEOS_DEPLOYMENT_TARGET = 16.4;
				MACOSX_DEPLOYMENT_TARGET = 13.2;
				MARKETING_VERSION = 1.0;
				PRODUCT_BUNDLE_IDENTIFIER = "uni.parthenope.Kids-ArtUITests";
				PRODUCT_NAME = "$(TARGET_NAME)";
				SDKROOT = auto;
				SUPPORTED_PLATFORMS = "iphoneos iphonesimulator macosx";
				SWIFT_EMIT_LOC_STRINGS = NO;
				SWIFT_VERSION = 5.0;
				TARGETED_DEVICE_FAMILY = "1,2";
				TEST_TARGET_NAME = "Kids Art";
			};
			name = Release;
		};
/* End XCBuildConfiguration section */

/* Begin XCConfigurationList section */
		332EC4CF2A094D8400C1AEE0 /* Build configuration list for PBXProject "Kids Art" */ = {
			isa = XCConfigurationList;
			buildConfigurations = (
				332EC4F72A094D8600C1AEE0 /* Debug */,
				332EC4F82A094D8600C1AEE0 /* Release */,
			);
			defaultConfigurationIsVisible = 0;
			defaultConfigurationName = Release;
		};
		332EC4F92A094D8600C1AEE0 /* Build configuration list for PBXNativeTarget "Kids Art" */ = {
			isa = XCConfigurationList;
			buildConfigurations = (
				332EC4FA2A094D8600C1AEE0 /* Debug */,
				332EC4FB2A094D8600C1AEE0 /* Release */,
			);
			defaultConfigurationIsVisible = 0;
			defaultConfigurationName = Release;
		};
		332EC4FC2A094D8600C1AEE0 /* Build configuration list for PBXNativeTarget "Kids ArtTests" */ = {
			isa = XCConfigurationList;
			buildConfigurations = (
				332EC4FD2A094D8600C1AEE0 /* Debug */,
				332EC4FE2A094D8600C1AEE0 /* Release */,
			);
			defaultConfigurationIsVisible = 0;
			defaultConfigurationName = Release;
		};
		332EC4FF2A094D8600C1AEE0 /* Build configuration list for PBXNativeTarget "Kids ArtUITests" */ = {
			isa = XCConfigurationList;
			buildConfigurations = (
				332EC5002A094D8600C1AEE0 /* Debug */,
				332EC5012A094D8600C1AEE0 /* Release */,
			);
			defaultConfigurationIsVisible = 0;
			defaultConfigurationName = Release;
		};
/* End XCConfigurationList section */
	};
	rootObject = 332EC4CC2A094D8400C1AEE0 /* Project object */;
}
